
Microsoft Visual Studio Solution File, Format Version 12.00
# Visual Studio Version 16
VisualStudioVersion = 16.0.29102.190
MinimumVisualStudioVersion = 10.0.40219.1
Project("{FAE04EC0-301F-11D3-BF4B-00C04F79EFBC}") = "MixinWithConditionalWeakTable", "MixinWithConditionalWeakTable\MixinWithConditionalWeakTable.csproj", "{589B63E5-4A9C-4325-B4C6-81B1526A8A72}"
EndProject
Project("{2150E333-8FDC-42A3-9474-1A3956D46DE8}") = "Mixin", "Mixin", "{BD11DDAB-7591-413C-845D-1394ECD612B6}"
EndProject
Project("{2150E333-8FDC-42A3-9474-1A3956D46DE8}") = "Config", "Config", "{0C641E88-9F37-4BCF-B252-774F42C70452}"
EndProject
Project("{FAE04EC0-301F-11D3-BF4B-00C04F79EFBC}") = "ConfigPattern_Action", "ConfigPattern_Action\ConfigPattern_Action.csproj", "{7B01DA13-7C62-4C56-B13C-E91B09228256}"
EndProject
Project("{2150E333-8FDC-42A3-9474-1A3956D46DE8}") = "Task", "Task", "{61C3E333-AC1F-4936-BB76-35DD2D6099A3}"
EndProject
Project("{FAE04EC0-301F-11D3-BF4B-00C04F79EFBC}") = "TaskTimeoutForLongRunningProcess", "TaskTimeoutForLongRunningProcess\TaskTimeoutForLongRunningProcess.csproj", "{2B2F0681-7E13-4A1E-BCD7-969FB90E4BC8}"
EndProject
Project("{2150E333-8FDC-42A3-9474-1A3956D46DE8}") = "Wcf", "Wcf", "{B16524DE-906D-46B3-BD99-4054C985E255}"
EndProject
Project("{2150E333-8FDC-42A3-9474-1A3956D46DE8}") = "AsyncWcf", "AsyncWcf", "{F195A579-4DD1-49B0-81B6-19BA3D60E193}"
EndProject
Project("{FAE04EC0-301F-11D3-BF4B-00C04F79EFBC}") = "WcfConsole.Host", "Wcf\AsyncWcf\WcfConsole.Host\WcfConsole.Host.csproj", "{125467D9-8923-48F9-865C-2E94CFDCB523}"
EndProject
Project("{9A19103F-16F7-4668-BE54-9A1E7A4F7556}") = "WcfConsoleMessages", "Wcf\AsyncWcf\WcfConsoleMessages\WcfConsoleMessages.csproj", "{2BA75384-BC8A-4C22-8A15-A7D11C89B6C3}"
EndProject
Project("{2150E333-8FDC-42A3-9474-1A3956D46DE8}") = "Counter", "Counter", "{D24EFD24-8050-4AC7-97BD-877BB0F0CEA0}"
EndProject
Project("{9A19103F-16F7-4668-BE54-9A1E7A4F7556}") = "Counter.Core", "Counter\Counter.Core\Counter.Core.csproj", "{C8150225-A60E-4322-A087-FF93FFADA7BF}"
EndProject
Project("{FAE04EC0-301F-11D3-BF4B-00C04F79EFBC}") = "Counter.App", "Counter\Counter.App\Counter.App.csproj", "{2A28FB10-4346-40DE-83CA-8B4B5E9AA957}"
EndProject
Global
	GlobalSection(SolutionConfigurationPlatforms) = preSolution
		Debug|Any CPU = Debug|Any CPU
		Release|Any CPU = Release|Any CPU
	EndGlobalSection
	GlobalSection(ProjectConfigurationPlatforms) = postSolution
		{589B63E5-4A9C-4325-B4C6-81B1526A8A72}.Debug|Any CPU.ActiveCfg = Debug|Any CPU
		{589B63E5-4A9C-4325-B4C6-81B1526A8A72}.Debug|Any CPU.Build.0 = Debug|Any CPU
		{589B63E5-4A9C-4325-B4C6-81B1526A8A72}.Release|Any CPU.ActiveCfg = Release|Any CPU
		{589B63E5-4A9C-4325-B4C6-81B1526A8A72}.Release|Any CPU.Build.0 = Release|Any CPU
		{7B01DA13-7C62-4C56-B13C-E91B09228256}.Debug|Any CPU.ActiveCfg = Debug|Any CPU
		{7B01DA13-7C62-4C56-B13C-E91B09228256}.Debug|Any CPU.Build.0 = Debug|Any CPU
		{7B01DA13-7C62-4C56-B13C-E91B09228256}.Release|Any CPU.ActiveCfg = Release|Any CPU
		{7B01DA13-7C62-4C56-B13C-E91B09228256}.Release|Any CPU.Build.0 = Release|Any CPU
		{2B2F0681-7E13-4A1E-BCD7-969FB90E4BC8}.Debug|Any CPU.ActiveCfg = Debug|Any CPU
		{2B2F0681-7E13-4A1E-BCD7-969FB90E4BC8}.Debug|Any CPU.Build.0 = Debug|Any CPU
		{2B2F0681-7E13-4A1E-BCD7-969FB90E4BC8}.Release|Any CPU.ActiveCfg = Release|Any CPU
		{2B2F0681-7E13-4A1E-BCD7-969FB90E4BC8}.Release|Any CPU.Build.0 = Release|Any CPU
		{125467D9-8923-48F9-865C-2E94CFDCB523}.Debug|Any CPU.ActiveCfg = Debug|Any CPU
		{125467D9-8923-48F9-865C-2E94CFDCB523}.Debug|Any CPU.Build.0 = Debug|Any CPU
		{125467D9-8923-48F9-865C-2E94CFDCB523}.Release|Any CPU.ActiveCfg = Release|Any CPU
		{125467D9-8923-48F9-865C-2E94CFDCB523}.Release|Any CPU.Build.0 = Release|Any CPU
		{2BA75384-BC8A-4C22-8A15-A7D11C89B6C3}.Debug|Any CPU.ActiveCfg = Debug|Any CPU
		{2BA75384-BC8A-4C22-8A15-A7D11C89B6C3}.Debug|Any CPU.Build.0 = Debug|Any CPU
		{2BA75384-BC8A-4C22-8A15-A7D11C89B6C3}.Release|Any CPU.ActiveCfg = Release|Any CPU
		{2BA75384-BC8A-4C22-8A15-A7D11C89B6C3}.Release|Any CPU.Build.0 = Release|Any CPU
		{C8150225-A60E-4322-A087-FF93FFADA7BF}.Debug|Any CPU.ActiveCfg = Debug|Any CPU
		{C8150225-A60E-4322-A087-FF93FFADA7BF}.Debug|Any CPU.Build.0 = Debug|Any CPU
		{C8150225-A60E-4322-A087-FF93FFADA7BF}.Release|Any CPU.ActiveCfg = Release|Any CPU
		{C8150225-A60E-4322-A087-FF93FFADA7BF}.Release|Any CPU.Build.0 = Release|Any CPU
		{2A28FB10-4346-40DE-83CA-8B4B5E9AA957}.Debug|Any CPU.ActiveCfg = Debug|Any CPU
		{2A28FB10-4346-40DE-83CA-8B4B5E9AA957}.Debug|Any CPU.Build.0 = Debug|Any CPU
		{2A28FB10-4346-40DE-83CA-8B4B5E9AA957}.Release|Any CPU.ActiveCfg = Release|Any CPU
		{2A28FB10-4346-40DE-83CA-8B4B5E9AA957}.Release|Any CPU.Build.0 = Release|Any CPU
	EndGlobalSection
	GlobalSection(SolutionProperties) = preSolution
		HideSolutionNode = FALSE
	EndGlobalSection
	GlobalSection(NestedProjects) = preSolution
		{589B63E5-4A9C-4325-B4C6-81B1526A8A72} = {BD11DDAB-7591-413C-845D-1394ECD612B6}
		{7B01DA13-7C62-4C56-B13C-E91B09228256} = {0C641E88-9F37-4BCF-B252-774F42C70452}
		{2B2F0681-7E13-4A1E-BCD7-969FB90E4BC8} = {61C3E333-AC1F-4936-BB76-35DD2D6099A3}
		{F195A579-4DD1-49B0-81B6-19BA3D60E193} = {B16524DE-906D-46B3-BD99-4054C985E255}
		{125467D9-8923-48F9-865C-2E94CFDCB523} = {F195A579-4DD1-49B0-81B6-19BA3D60E193}
		{2BA75384-BC8A-4C22-8A15-A7D11C89B6C3} = {F195A579-4DD1-49B0-81B6-19BA3D60E193}
		{C8150225-A60E-4322-A087-FF93FFADA7BF} = {D24EFD24-8050-4AC7-97BD-877BB0F0CEA0}
		{2A28FB10-4346-40DE-83CA-8B4B5E9AA957} = {D24EFD24-8050-4AC7-97BD-877BB0F0CEA0}
	EndGlobalSection
	GlobalSection(ExtensibilityGlobals) = postSolution
		SolutionGuid = {126DC2D4-BB59-402F-A0C9-889856B76B12}
	EndGlobalSection
EndGlobal
